PODS:
  - JWTools (0.1.0):
    - JWTools/JWToolsCore (= 0.1.0)
  - JWTools/JWToolsCore (0.1.0)

DEPENDENCIES:
  - JWTools (from `../`)

EXTERNAL SOURCES:
  JWTools:
    :path: "../"

SPEC CHECKSUMS:
  JWTools: 5f8531d46fddf220b9c8f738597a240fb84c526f

PODFILE CHECKSUM: 5ebe2400050b46a8f0631820e9266281fdb54377

COCOAPODS: 1.6.0.beta.1
